
Microsoft Visual Studio Solution File, Format Version 12.00
# Visual Studio Version 17
VisualStudioVersion = 17.8.34330.188
MinimumVisualStudioVersion = 10.0.40219.1
Project("{9A19103F-16F7-4668-BE54-9A1E7A4F7556}") = "Vidly", "Vidly.csproj", "{07737D4B-E77D-4D3C-B82E-FB19CF2BBE24}"
EndProject
Project("{9A19103F-16F7-4668-BE54-9A1E7A4F7556}") = "DataLayer", "..\DataLayer\DataLayer.csproj", "{6A1DFA67-5045-4326-BEBF-F8B2555F0973}"
EndProject
Project("{FAE04EC0-301F-11D3-BF4B-00C04F79EFBC}") = "BusinessLayer", "..\BusinessLayer\BusinessLayer.csproj", "{29FBD5C0-32AF-4927-B2F6-E991684CA0C4}"
EndProject
Global
	GlobalSection(SolutionConfigurationPlatforms) = preSolution
		Debug|Any CPU = Debug|Any CPU
		Release|Any CPU = Release|Any CPU
	EndGlobalSection
	GlobalSection(ProjectConfigurationPlatforms) = postSolution
		{07737D4B-E77D-4D3C-B82E-FB19CF2BBE24}.Debug|Any CPU.ActiveCfg = Debug|Any CPU
		{07737D4B-E77D-4D3C-B82E-FB19CF2BBE24}.Debug|Any CPU.Build.0 = Debug|Any CPU
		{07737D4B-E77D-4D3C-B82E-FB19CF2BBE24}.Release|Any CPU.ActiveCfg = Release|Any CPU
		{07737D4B-E77D-4D3C-B82E-FB19CF2BBE24}.Release|Any CPU.Build.0 = Release|Any CPU
		{6A1DFA67-5045-4326-BEBF-F8B2555F0973}.Debug|Any CPU.ActiveCfg = Debug|Any CPU
		{6A1DFA67-5045-4326-BEBF-F8B2555F0973}.Debug|Any CPU.Build.0 = Debug|Any CPU
		{6A1DFA67-5045-4326-BEBF-F8B2555F0973}.Release|Any CPU.ActiveCfg = Release|Any CPU
		{6A1DFA67-5045-4326-BEBF-F8B2555F0973}.Release|Any CPU.Build.0 = Release|Any CPU
		{29FBD5C0-32AF-4927-B2F6-E991684CA0C4}.Debug|Any CPU.ActiveCfg = Debug|Any CPU
		{29FBD5C0-32AF-4927-B2F6-E991684CA0C4}.Debug|Any CPU.Build.0 = Debug|Any CPU
		{29FBD5C0-32AF-4927-B2F6-E991684CA0C4}.Release|Any CPU.ActiveCfg = Release|Any CPU
		{29FBD5C0-32AF-4927-B2F6-E991684CA0C4}.Release|Any CPU.Build.0 = Release|Any CPU
	EndGlobalSection
	GlobalSection(SolutionProperties) = preSolution
		HideSolutionNode = FALSE
	EndGlobalSection
	GlobalSection(ExtensibilityGlobals) = postSolution
		SolutionGuid = {55173737-CDE9-4ABA-AA4E-0C6A7C1AD65C}
	EndGlobalSection
EndGlobal
